
Microsoft Visual Studio Solution File, Format Version 12.00
# Visual Studio Version 16
VisualStudioVersion = 16.0.32002.261
MinimumVisualStudioVersion = 10.0.40219.1
Project("{FAE04EC0-301F-11D3-BF4B-00C04F79EFBC}") = "ConstSabiti", "ConstSabiti\ConstSabiti.csproj", "{153EB1DF-45D7-4840-AD5B-ED9D10640759}"
EndProject
Global
	GlobalSection(SolutionConfigurationPlatforms) = preSolution
		Debug|Any CPU = Debug|Any CPU
		Release|Any CPU = Release|Any CPU
	EndGlobalSection
	GlobalSection(ProjectConfigurationPlatforms) = postSolution
		{153EB1DF-45D7-4840-AD5B-ED9D10640759}.Debug|Any CPU.ActiveCfg = Debug|Any CPU
		{153EB1DF-45D7-4840-AD5B-ED9D10640759}.Debug|Any CPU.Build.0 = Debug|Any CPU
		{153EB1DF-45D7-4840-AD5B-ED9D10640759}.Release|Any CPU.ActiveCfg = Release|Any CPU
		{153EB1DF-45D7-4840-AD5B-ED9D10640759}.Release|Any CPU.Build.0 = Release|Any CPU
	EndGlobalSection
	GlobalSection(SolutionProperties) = preSolution
		HideSolutionNode = FALSE
	EndGlobalSection
	GlobalSection(ExtensibilityGlobals) = postSolution
		SolutionGuid = {951B51D7-0B96-4976-BB94-6411B8675511}
	EndGlobalSection
EndGlobal
